
Microsoft Visual Studio Solution File, Format Version 12.00
# Visual Studio Version 17
VisualStudioVersion = 17.0.31903.59
MinimumVisualStudioVersion = 10.0.40219.1
Project("{2150E333-8FDC-42A3-9474-1A3956D46DE8}") = "src", "src", "{827E0CD3-B72D-47B6-A68D-7590B98EB39B}"
EndProject
Project("{2150E333-8FDC-42A3-9474-1A3956D46DE8}") = "ApiGateway", "ApiGateway", "{FCA01246-F2C6-0AA7-D43F-FD13BE0B9D88}"
EndProject
Project("{FAE04EC0-301F-11D3-BF4B-00C04F79EFBC}") = "ApiGateway", "src\ApiGateway\ApiGateway\ApiGateway.csproj", "{A86C7831-ED72-4DFC-8F36-090F965DC8CE}"
EndProject
Project("{2150E333-8FDC-42A3-9474-1A3956D46DE8}") = "IdentityService", "IdentityService", "{F8B90FFE-BB37-8A69-F901-2B9289615797}"
EndProject
Project("{FAE04EC0-301F-11D3-BF4B-00C04F79EFBC}") = "IdentityService.Api", "src\IdentityService\IdentityService.Api\IdentityService.Api.csproj", "{BB62D1F2-654C-4C96-A9BA-1B85F39A02BE}"
EndProject
Project("{2150E333-8FDC-42A3-9474-1A3956D46DE8}") = "CatalogService", "CatalogService", "{3617447B-49FD-7774-452C-A55AD9DFE5C2}"
EndProject
Project("{FAE04EC0-301F-11D3-BF4B-00C04F79EFBC}") = "CatalogService.Api", "src\CatalogService\CatalogService.Api\CatalogService.Api.csproj", "{21EE2DFC-3E80-4963-A97B-77F5CBC45E2B}"
EndProject
Project("{2150E333-8FDC-42A3-9474-1A3956D46DE8}") = "OrderService", "OrderService", "{D5064FC8-1F49-54B6-E1C8-B23A6140528A}"
EndProject
Project("{FAE04EC0-301F-11D3-BF4B-00C04F79EFBC}") = "OrderService.Api", "src\OrderService\OrderService.Api\OrderService.Api.csproj", "{6FC8C44E-0DDD-43AD-AEE5-12B02D32EDA1}"
EndProject
Project("{2150E333-8FDC-42A3-9474-1A3956D46DE8}") = "PaymentService", "PaymentService", "{A0C94347-73E4-1EE9-412B-13A38E3B0A6F}"
EndProject
Project("{FAE04EC0-301F-11D3-BF4B-00C04F79EFBC}") = "PaymentService.Api", "src\PaymentService\PaymentService.Api\PaymentService.Api.csproj", "{331ED689-C78B-4DC9-B387-2E57E2A07380}"
EndProject
Project("{2150E333-8FDC-42A3-9474-1A3956D46DE8}") = "shared", "shared", "{4F52FD11-658E-A102-6CD3-7D7C16FFA15B}"
EndProject
Project("{2150E333-8FDC-42A3-9474-1A3956D46DE8}") = "Contracts", "Contracts", "{85E3A286-880E-ADB0-5CF2-3F1BDB3A4229}"
EndProject
Project("{FAE04EC0-301F-11D3-BF4B-00C04F79EFBC}") = "Microservices.Shared.Contracts", "shared\Contracts\Microservices.Shared.Contracts.csproj", "{18C02A27-1D4A-4DA7-BD3B-87CF47924A84}"
EndProject
Project("{2150E333-8FDC-42A3-9474-1A3956D46DE8}") = "EventBus", "EventBus", "{05B7C4B4-C077-CFB9-F5D5-A3F4CD33019C}"
EndProject
Project("{FAE04EC0-301F-11D3-BF4B-00C04F79EFBC}") = "Microservices.Shared.EventBus", "shared\EventBus\Microservices.Shared.EventBus.csproj", "{29CAAFE8-9E65-496A-8DA8-55059063DD18}"
EndProject
Project("{2150E333-8FDC-42A3-9474-1A3956D46DE8}") = "BuildingBlocks", "BuildingBlocks", "{8B68B1CB-A3C3-4B90-9E17-44E57D0D98D2}"
EndProject
Project("{FAE04EC0-301F-11D3-BF4B-00C04F79EFBC}") = "Microservices.Shared.BuildingBlocks", "shared\BuildingBlocks\Microservices.Shared.BuildingBlocks.csproj", "{8F8688B8-4D8E-4A6B-9B3A-9C51B042B5E1}"
EndProject
Project("{FAE04EC0-301F-11D3-BF4B-00C04F79EFBC}") = "IdentityService.Domain", "src\IdentityService\IdentityService.Domain\IdentityService.Domain.csproj", "{D63F23E6-F7C4-484E-8683-A2ED227F515F}"
EndProject
Project("{FAE04EC0-301F-11D3-BF4B-00C04F79EFBC}") = "IdentityService.Application", "src\IdentityService\IdentityService.Application\IdentityService.Application.csproj", "{A12393B7-F12D-4F65-915B-32A77F806FBD}"
EndProject
Project("{FAE04EC0-301F-11D3-BF4B-00C04F79EFBC}") = "IdentityService.Infrastructure", "src\IdentityService\IdentityService.Infrastructure\IdentityService.Infrastructure.csproj", "{95989C3D-35B9-4D03-8845-57151B5B1561}"
EndProject
Project("{FAE04EC0-301F-11D3-BF4B-00C04F79EFBC}") = "CatalogService.Domain", "src\CatalogService\CatalogService.Domain\CatalogService.Domain.csproj", "{D6463114-F354-461D-82ED-D22A21074FCF}"
EndProject
Project("{FAE04EC0-301F-11D3-BF4B-00C04F79EFBC}") = "CatalogService.Application", "src\CatalogService\CatalogService.Application\CatalogService.Application.csproj", "{4F64E641-45D7-4047-85EB-E0E0D09EDED1}"
EndProject
Project("{FAE04EC0-301F-11D3-BF4B-00C04F79EFBC}") = "CatalogService.Infrastructure", "src\CatalogService\CatalogService.Infrastructure\CatalogService.Infrastructure.csproj", "{9E442883-D07E-46AB-B8F4-9DC7EC45D684}"
EndProject
Project("{FAE04EC0-301F-11D3-BF4B-00C04F79EFBC}") = "OrderService.Domain", "src\OrderService\OrderService.Domain\OrderService.Domain.csproj", "{30E3010F-AB7A-43BD-A6FD-5305358B2F26}"
EndProject
Project("{FAE04EC0-301F-11D3-BF4B-00C04F79EFBC}") = "OrderService.Application", "src\OrderService\OrderService.Application\OrderService.Application.csproj", "{5F2E8217-154B-43E8-9249-C0D799E81360}"
EndProject
Project("{FAE04EC0-301F-11D3-BF4B-00C04F79EFBC}") = "OrderService.Infrastructure", "src\OrderService\OrderService.Infrastructure\OrderService.Infrastructure.csproj", "{AE590C0C-EEA3-481A-8565-BE251F952F55}"
EndProject
Project("{FAE04EC0-301F-11D3-BF4B-00C04F79EFBC}") = "PaymentService.Domain", "src\PaymentService\PaymentService.Domain\PaymentService.Domain.csproj", "{103A4BBB-10DB-4D19-A3D8-3D57410C7566}"
EndProject
Project("{FAE04EC0-301F-11D3-BF4B-00C04F79EFBC}") = "PaymentService.Application", "src\PaymentService\PaymentService.Application\PaymentService.Application.csproj", "{D57E2D58-2F78-4907-B472-B1731396FF9F}"
EndProject
Project("{FAE04EC0-301F-11D3-BF4B-00C04F79EFBC}") = "PaymentService.Infrastructure", "src\PaymentService\PaymentService.Infrastructure\PaymentService.Infrastructure.csproj", "{05F51A86-68B1-485D-A534-5C0F51EE98DD}"
EndProject
Global
	GlobalSection(SolutionConfigurationPlatforms) = preSolution
		Debug|Any CPU = Debug|Any CPU
		Debug|x64 = Debug|x64
		Debug|x86 = Debug|x86
		Release|Any CPU = Release|Any CPU
		Release|x64 = Release|x64
		Release|x86 = Release|x86
	EndGlobalSection
	GlobalSection(ProjectConfigurationPlatforms) = postSolution
		{A86C7831-ED72-4DFC-8F36-090F965DC8CE}.Debug|Any CPU.ActiveCfg = Debug|Any CPU
		{A86C7831-ED72-4DFC-8F36-090F965DC8CE}.Debug|Any CPU.Build.0 = Debug|Any CPU
		{A86C7831-ED72-4DFC-8F36-090F965DC8CE}.Debug|x64.ActiveCfg = Debug|Any CPU
		{A86C7831-ED72-4DFC-8F36-090F965DC8CE}.Debug|x64.Build.0 = Debug|Any CPU
		{A86C7831-ED72-4DFC-8F36-090F965DC8CE}.Debug|x86.ActiveCfg = Debug|Any CPU
		{A86C7831-ED72-4DFC-8F36-090F965DC8CE}.Debug|x86.Build.0 = Debug|Any CPU
		{A86C7831-ED72-4DFC-8F36-090F965DC8CE}.Release|Any CPU.ActiveCfg = Release|Any CPU
		{A86C7831-ED72-4DFC-8F36-090F965DC8CE}.Release|Any CPU.Build.0 = Release|Any CPU
		{A86C7831-ED72-4DFC-8F36-090F965DC8CE}.Release|x64.ActiveCfg = Release|Any CPU
		{A86C7831-ED72-4DFC-8F36-090F965DC8CE}.Release|x64.Build.0 = Release|Any CPU
		{A86C7831-ED72-4DFC-8F36-090F965DC8CE}.Release|x86.ActiveCfg = Release|Any CPU
		{A86C7831-ED72-4DFC-8F36-090F965DC8CE}.Release|x86.Build.0 = Release|Any CPU
		{BB62D1F2-654C-4C96-A9BA-1B85F39A02BE}.Debug|Any CPU.ActiveCfg = Debug|Any CPU
		{BB62D1F2-654C-4C96-A9BA-1B85F39A02BE}.Debug|Any CPU.Build.0 = Debug|Any CPU
		{BB62D1F2-654C-4C96-A9BA-1B85F39A02BE}.Debug|x64.ActiveCfg = Debug|Any CPU
		{BB62D1F2-654C-4C96-A9BA-1B85F39A02BE}.Debug|x64.Build.0 = Debug|Any CPU
		{BB62D1F2-654C-4C96-A9BA-1B85F39A02BE}.Debug|x86.ActiveCfg = Debug|Any CPU
		{BB62D1F2-654C-4C96-A9BA-1B85F39A02BE}.Debug|x86.Build.0 = Debug|Any CPU
		{BB62D1F2-654C-4C96-A9BA-1B85F39A02BE}.Release|Any CPU.ActiveCfg = Release|Any CPU
		{BB62D1F2-654C-4C96-A9BA-1B85F39A02BE}.Release|Any CPU.Build.0 = Release|Any CPU
		{BB62D1F2-654C-4C96-A9BA-1B85F39A02BE}.Release|x64.ActiveCfg = Release|Any CPU
		{BB62D1F2-654C-4C96-A9BA-1B85F39A02BE}.Release|x64.Build.0 = Release|Any CPU
		{BB62D1F2-654C-4C96-A9BA-1B85F39A02BE}.Release|x86.ActiveCfg = Release|Any CPU
		{BB62D1F2-654C-4C96-A9BA-1B85F39A02BE}.Release|x86.Build.0 = Release|Any CPU
		{21EE2DFC-3E80-4963-A97B-77F5CBC45E2B}.Debug|Any CPU.ActiveCfg = Debug|Any CPU
		{21EE2DFC-3E80-4963-A97B-77F5CBC45E2B}.Debug|Any CPU.Build.0 = Debug|Any CPU
		{21EE2DFC-3E80-4963-A97B-77F5CBC45E2B}.Debug|x64.ActiveCfg = Debug|Any CPU
		{21EE2DFC-3E80-4963-A97B-77F5CBC45E2B}.Debug|x64.Build.0 = Debug|Any CPU
		{21EE2DFC-3E80-4963-A97B-77F5CBC45E2B}.Debug|x86.ActiveCfg = Debug|Any CPU
		{21EE2DFC-3E80-4963-A97B-77F5CBC45E2B}.Debug|x86.Build.0 = Debug|Any CPU
		{21EE2DFC-3E80-4963-A97B-77F5CBC45E2B}.Release|Any CPU.ActiveCfg = Release|Any CPU
		{21EE2DFC-3E80-4963-A97B-77F5CBC45E2B}.Release|Any CPU.Build.0 = Release|Any CPU
		{21EE2DFC-3E80-4963-A97B-77F5CBC45E2B}.Release|x64.ActiveCfg = Release|Any CPU
		{21EE2DFC-3E80-4963-A97B-77F5CBC45E2B}.Release|x64.Build.0 = Release|Any CPU
		{21EE2DFC-3E80-4963-A97B-77F5CBC45E2B}.Release|x86.ActiveCfg = Release|Any CPU
		{21EE2DFC-3E80-4963-A97B-77F5CBC45E2B}.Release|x86.Build.0 = Release|Any CPU
		{6FC8C44E-0DDD-43AD-AEE5-12B02D32EDA1}.Debug|Any CPU.ActiveCfg = Debug|Any CPU
		{6FC8C44E-0DDD-43AD-AEE5-12B02D32EDA1}.Debug|Any CPU.Build.0 = Debug|Any CPU
		{6FC8C44E-0DDD-43AD-AEE5-12B02D32EDA1}.Debug|x64.ActiveCfg = Debug|Any CPU
		{6FC8C44E-0DDD-43AD-AEE5-12B02D32EDA1}.Debug|x64.Build.0 = Debug|Any CPU
		{6FC8C44E-0DDD-43AD-AEE5-12B02D32EDA1}.Debug|x86.ActiveCfg = Debug|Any CPU
		{6FC8C44E-0DDD-43AD-AEE5-12B02D32EDA1}.Debug|x86.Build.0 = Debug|Any CPU
		{6FC8C44E-0DDD-43AD-AEE5-12B02D32EDA1}.Release|Any CPU.ActiveCfg = Release|Any CPU
		{6FC8C44E-0DDD-43AD-AEE5-12B02D32EDA1}.Release|Any CPU.Build.0 = Release|Any CPU
		{6FC8C44E-0DDD-43AD-AEE5-12B02D32EDA1}.Release|x64.ActiveCfg = Release|Any CPU
		{6FC8C44E-0DDD-43AD-AEE5-12B02D32EDA1}.Release|x64.Build.0 = Release|Any CPU
		{6FC8C44E-0DDD-43AD-AEE5-12B02D32EDA1}.Release|x86.ActiveCfg = Release|Any CPU
		{6FC8C44E-0DDD-43AD-AEE5-12B02D32EDA1}.Release|x86.Build.0 = Release|Any CPU
		{331ED689-C78B-4DC9-B387-2E57E2A07380}.Debug|Any CPU.ActiveCfg = Debug|Any CPU
		{331ED689-C78B-4DC9-B387-2E57E2A07380}.Debug|Any CPU.Build.0 = Debug|Any CPU
		{331ED689-C78B-4DC9-B387-2E57E2A07380}.Debug|x64.ActiveCfg = Debug|Any CPU
		{331ED689-C78B-4DC9-B387-2E57E2A07380}.Debug|x64.Build.0 = Debug|Any CPU
		{331ED689-C78B-4DC9-B387-2E57E2A07380}.Debug|x86.ActiveCfg = Debug|Any CPU
		{331ED689-C78B-4DC9-B387-2E57E2A07380}.Debug|x86.Build.0 = Debug|Any CPU
		{331ED689-C78B-4DC9-B387-2E57E2A07380}.Release|Any CPU.ActiveCfg = Release|Any CPU
		{331ED689-C78B-4DC9-B387-2E57E2A07380}.Release|Any CPU.Build.0 = Release|Any CPU
		{331ED689-C78B-4DC9-B387-2E57E2A07380}.Release|x64.ActiveCfg = Release|Any CPU
		{331ED689-C78B-4DC9-B387-2E57E2A07380}.Release|x64.Build.0 = Release|Any CPU
		{331ED689-C78B-4DC9-B387-2E57E2A07380}.Release|x86.ActiveCfg = Release|Any CPU
		{331ED689-C78B-4DC9-B387-2E57E2A07380}.Release|x86.Build.0 = Release|Any CPU
		{18C02A27-1D4A-4DA7-BD3B-87CF47924A84}.Debug|Any CPU.ActiveCfg = Debug|Any CPU
		{18C02A27-1D4A-4DA7-BD3B-87CF47924A84}.Debug|Any CPU.Build.0 = Debug|Any CPU
		{18C02A27-1D4A-4DA7-BD3B-87CF47924A84}.Debug|x64.ActiveCfg = Debug|Any CPU
		{18C02A27-1D4A-4DA7-BD3B-87CF47924A84}.Debug|x64.Build.0 = Debug|Any CPU
		{18C02A27-1D4A-4DA7-BD3B-87CF47924A84}.Debug|x86.ActiveCfg = Debug|Any CPU
		{18C02A27-1D4A-4DA7-BD3B-87CF47924A84}.Debug|x86.Build.0 = Debug|Any CPU
		{18C02A27-1D4A-4DA7-BD3B-87CF47924A84}.Release|Any CPU.ActiveCfg = Release|Any CPU
		{18C02A27-1D4A-4DA7-BD3B-87CF47924A84}.Release|Any CPU.Build.0 = Release|Any CPU
		{18C02A27-1D4A-4DA7-BD3B-87CF47924A84}.Release|x64.ActiveCfg = Release|Any CPU
		{18C02A27-1D4A-4DA7-BD3B-87CF47924A84}.Release|x64.Build.0 = Release|Any CPU
		{18C02A27-1D4A-4DA7-BD3B-87CF47924A84}.Release|x86.ActiveCfg = Release|Any CPU
		{18C02A27-1D4A-4DA7-BD3B-87CF47924A84}.Release|x86.Build.0 = Release|Any CPU
		{29CAAFE8-9E65-496A-8DA8-55059063DD18}.Debug|Any CPU.ActiveCfg = Debug|Any CPU
		{29CAAFE8-9E65-496A-8DA8-55059063DD18}.Debug|Any CPU.Build.0 = Debug|Any CPU
		{29CAAFE8-9E65-496A-8DA8-55059063DD18}.Debug|x64.ActiveCfg = Debug|Any CPU
		{29CAAFE8-9E65-496A-8DA8-55059063DD18}.Debug|x64.Build.0 = Debug|Any CPU
		{29CAAFE8-9E65-496A-8DA8-55059063DD18}.Debug|x86.ActiveCfg = Debug|Any CPU
		{29CAAFE8-9E65-496A-8DA8-55059063DD18}.Debug|x86.Build.0 = Debug|Any CPU
		{29CAAFE8-9E65-496A-8DA8-55059063DD18}.Release|Any CPU.ActiveCfg = Release|Any CPU
		{29CAAFE8-9E65-496A-8DA8-55059063DD18}.Release|Any CPU.Build.0 = Release|Any CPU
		{29CAAFE8-9E65-496A-8DA8-55059063DD18}.Release|x64.ActiveCfg = Release|Any CPU
		{29CAAFE8-9E65-496A-8DA8-55059063DD18}.Release|x64.Build.0 = Release|Any CPU
		{29CAAFE8-9E65-496A-8DA8-55059063DD18}.Release|x86.ActiveCfg = Release|Any CPU
		{29CAAFE8-9E65-496A-8DA8-55059063DD18}.Release|x86.Build.0 = Release|Any CPU
		{8F8688B8-4D8E-4A6B-9B3A-9C51B042B5E1}.Debug|Any CPU.ActiveCfg = Debug|Any CPU
		{8F8688B8-4D8E-4A6B-9B3A-9C51B042B5E1}.Debug|Any CPU.Build.0 = Debug|Any CPU
		{8F8688B8-4D8E-4A6B-9B3A-9C51B042B5E1}.Debug|x64.ActiveCfg = Debug|Any CPU
		{8F8688B8-4D8E-4A6B-9B3A-9C51B042B5E1}.Debug|x64.Build.0 = Debug|Any CPU
		{8F8688B8-4D8E-4A6B-9B3A-9C51B042B5E1}.Debug|x86.ActiveCfg = Debug|Any CPU
		{8F8688B8-4D8E-4A6B-9B3A-9C51B042B5E1}.Debug|x86.Build.0 = Debug|Any CPU
		{8F8688B8-4D8E-4A6B-9B3A-9C51B042B5E1}.Release|Any CPU.ActiveCfg = Release|Any CPU
		{8F8688B8-4D8E-4A6B-9B3A-9C51B042B5E1}.Release|Any CPU.Build.0 = Release|Any CPU
		{8F8688B8-4D8E-4A6B-9B3A-9C51B042B5E1}.Release|x64.ActiveCfg = Release|Any CPU
		{8F8688B8-4D8E-4A6B-9B3A-9C51B042B5E1}.Release|x64.Build.0 = Release|Any CPU
		{8F8688B8-4D8E-4A6B-9B3A-9C51B042B5E1}.Release|x86.ActiveCfg = Release|Any CPU
		{8F8688B8-4D8E-4A6B-9B3A-9C51B042B5E1}.Release|x86.Build.0 = Release|Any CPU
		{D63F23E6-F7C4-484E-8683-A2ED227F515F}.Debug|Any CPU.ActiveCfg = Debug|Any CPU
		{D63F23E6-F7C4-484E-8683-A2ED227F515F}.Debug|Any CPU.Build.0 = Debug|Any CPU
		{D63F23E6-F7C4-484E-8683-A2ED227F515F}.Debug|x64.ActiveCfg = Debug|Any CPU
		{D63F23E6-F7C4-484E-8683-A2ED227F515F}.Debug|x64.Build.0 = Debug|Any CPU
		{D63F23E6-F7C4-484E-8683-A2ED227F515F}.Debug|x86.ActiveCfg = Debug|Any CPU
		{D63F23E6-F7C4-484E-8683-A2ED227F515F}.Debug|x86.Build.0 = Debug|Any CPU
		{D63F23E6-F7C4-484E-8683-A2ED227F515F}.Release|Any CPU.ActiveCfg = Release|Any CPU
		{D63F23E6-F7C4-484E-8683-A2ED227F515F}.Release|Any CPU.Build.0 = Release|Any CPU
		{D63F23E6-F7C4-484E-8683-A2ED227F515F}.Release|x64.ActiveCfg = Release|Any CPU
		{D63F23E6-F7C4-484E-8683-A2ED227F515F}.Release|x64.Build.0 = Release|Any CPU
		{D63F23E6-F7C4-484E-8683-A2ED227F515F}.Release|x86.ActiveCfg = Release|Any CPU
		{D63F23E6-F7C4-484E-8683-A2ED227F515F}.Release|x86.Build.0 = Release|Any CPU
		{A12393B7-F12D-4F65-915B-32A77F806FBD}.Debug|Any CPU.ActiveCfg = Debug|Any CPU
		{A12393B7-F12D-4F65-915B-32A77F806FBD}.Debug|Any CPU.Build.0 = Debug|Any CPU
		{A12393B7-F12D-4F65-915B-32A77F806FBD}.Debug|x64.ActiveCfg = Debug|Any CPU
		{A12393B7-F12D-4F65-915B-32A77F806FBD}.Debug|x64.Build.0 = Debug|Any CPU
		{A12393B7-F12D-4F65-915B-32A77F806FBD}.Debug|x86.ActiveCfg = Debug|Any CPU
		{A12393B7-F12D-4F65-915B-32A77F806FBD}.Debug|x86.Build.0 = Debug|Any CPU
		{A12393B7-F12D-4F65-915B-32A77F806FBD}.Release|Any CPU.ActiveCfg = Release|Any CPU
		{A12393B7-F12D-4F65-915B-32A77F806FBD}.Release|Any CPU.Build.0 = Release|Any CPU
		{A12393B7-F12D-4F65-915B-32A77F806FBD}.Release|x64.ActiveCfg = Release|Any CPU
		{A12393B7-F12D-4F65-915B-32A77F806FBD}.Release|x64.Build.0 = Release|Any CPU
		{A12393B7-F12D-4F65-915B-32A77F806FBD}.Release|x86.ActiveCfg = Release|Any CPU
		{A12393B7-F12D-4F65-915B-32A77F806FBD}.Release|x86.Build.0 = Release|Any CPU
		{95989C3D-35B9-4D03-8845-57151B5B1561}.Debug|Any CPU.ActiveCfg = Debug|Any CPU
		{95989C3D-35B9-4D03-8845-57151B5B1561}.Debug|Any CPU.Build.0 = Debug|Any CPU
		{95989C3D-35B9-4D03-8845-57151B5B1561}.Debug|x64.ActiveCfg = Debug|Any CPU
		{95989C3D-35B9-4D03-8845-57151B5B1561}.Debug|x64.Build.0 = Debug|Any CPU
		{95989C3D-35B9-4D03-8845-57151B5B1561}.Debug|x86.ActiveCfg = Debug|Any CPU
		{95989C3D-35B9-4D03-8845-57151B5B1561}.Debug|x86.Build.0 = Debug|Any CPU
		{95989C3D-35B9-4D03-8845-57151B5B1561}.Release|Any CPU.ActiveCfg = Release|Any CPU
		{95989C3D-35B9-4D03-8845-57151B5B1561}.Release|Any CPU.Build.0 = Release|Any CPU
		{95989C3D-35B9-4D03-8845-57151B5B1561}.Release|x64.ActiveCfg = Release|Any CPU
		{95989C3D-35B9-4D03-8845-57151B5B1561}.Release|x64.Build.0 = Release|Any CPU
		{95989C3D-35B9-4D03-8845-57151B5B1561}.Release|x86.ActiveCfg = Release|Any CPU
		{95989C3D-35B9-4D03-8845-57151B5B1561}.Release|x86.Build.0 = Release|Any CPU
		{D6463114-F354-461D-82ED-D22A21074FCF}.Debug|Any CPU.ActiveCfg = Debug|Any CPU
		{D6463114-F354-461D-82ED-D22A21074FCF}.Debug|Any CPU.Build.0 = Debug|Any CPU
		{D6463114-F354-461D-82ED-D22A21074FCF}.Debug|x64.ActiveCfg = Debug|Any CPU
		{D6463114-F354-461D-82ED-D22A21074FCF}.Debug|x64.Build.0 = Debug|Any CPU
		{D6463114-F354-461D-82ED-D22A21074FCF}.Debug|x86.ActiveCfg = Debug|Any CPU
		{D6463114-F354-461D-82ED-D22A21074FCF}.Debug|x86.Build.0 = Debug|Any CPU
		{D6463114-F354-461D-82ED-D22A21074FCF}.Release|Any CPU.ActiveCfg = Release|Any CPU
		{D6463114-F354-461D-82ED-D22A21074FCF}.Release|Any CPU.Build.0 = Release|Any CPU
		{D6463114-F354-461D-82ED-D22A21074FCF}.Release|x64.ActiveCfg = Release|Any CPU
		{D6463114-F354-461D-82ED-D22A21074FCF}.Release|x64.Build.0 = Release|Any CPU
		{D6463114-F354-461D-82ED-D22A21074FCF}.Release|x86.ActiveCfg = Release|Any CPU
		{D6463114-F354-461D-82ED-D22A21074FCF}.Release|x86.Build.0 = Release|Any CPU
		{4F64E641-45D7-4047-85EB-E0E0D09EDED1}.Debug|Any CPU.ActiveCfg = Debug|Any CPU
		{4F64E641-45D7-4047-85EB-E0E0D09EDED1}.Debug|Any CPU.Build.0 = Debug|Any CPU
		{4F64E641-45D7-4047-85EB-E0E0D09EDED1}.Debug|x64.ActiveCfg = Debug|Any CPU
		{4F64E641-45D7-4047-85EB-E0E0D09EDED1}.Debug|x64.Build.0 = Debug|Any CPU
		{4F64E641-45D7-4047-85EB-E0E0D09EDED1}.Debug|x86.ActiveCfg = Debug|Any CPU
		{4F64E641-45D7-4047-85EB-E0E0D09EDED1}.Debug|x86.Build.0 = Debug|Any CPU
		{4F64E641-45D7-4047-85EB-E0E0D09EDED1}.Release|Any CPU.ActiveCfg = Release|Any CPU
		{4F64E641-45D7-4047-85EB-E0E0D09EDED1}.Release|Any CPU.Build.0 = Release|Any CPU
		{4F64E641-45D7-4047-85EB-E0E0D09EDED1}.Release|x64.ActiveCfg = Release|Any CPU
		{4F64E641-45D7-4047-85EB-E0E0D09EDED1}.Release|x64.Build.0 = Release|Any CPU
		{4F64E641-45D7-4047-85EB-E0E0D09EDED1}.Release|x86.ActiveCfg = Release|Any CPU
		{4F64E641-45D7-4047-85EB-E0E0D09EDED1}.Release|x86.Build.0 = Release|Any CPU
		{9E442883-D07E-46AB-B8F4-9DC7EC45D684}.Debug|Any CPU.ActiveCfg = Debug|Any CPU
		{9E442883-D07E-46AB-B8F4-9DC7EC45D684}.Debug|Any CPU.Build.0 = Debug|Any CPU
		{9E442883-D07E-46AB-B8F4-9DC7EC45D684}.Debug|x64.ActiveCfg = Debug|Any CPU
		{9E442883-D07E-46AB-B8F4-9DC7EC45D684}.Debug|x64.Build.0 = Debug|Any CPU
		{9E442883-D07E-46AB-B8F4-9DC7EC45D684}.Debug|x86.ActiveCfg = Debug|Any CPU
		{9E442883-D07E-46AB-B8F4-9DC7EC45D684}.Debug|x86.Build.0 = Debug|Any CPU
		{9E442883-D07E-46AB-B8F4-9DC7EC45D684}.Release|Any CPU.ActiveCfg = Release|Any CPU
		{9E442883-D07E-46AB-B8F4-9DC7EC45D684}.Release|Any CPU.Build.0 = Release|Any CPU
		{9E442883-D07E-46AB-B8F4-9DC7EC45D684}.Release|x64.ActiveCfg = Release|Any CPU
		{9E442883-D07E-46AB-B8F4-9DC7EC45D684}.Release|x64.Build.0 = Release|Any CPU
		{9E442883-D07E-46AB-B8F4-9DC7EC45D684}.Release|x86.ActiveCfg = Release|Any CPU
		{9E442883-D07E-46AB-B8F4-9DC7EC45D684}.Release|x86.Build.0 = Release|Any CPU
		{30E3010F-AB7A-43BD-A6FD-5305358B2F26}.Debug|Any CPU.ActiveCfg = Debug|Any CPU
		{30E3010F-AB7A-43BD-A6FD-5305358B2F26}.Debug|Any CPU.Build.0 = Debug|Any CPU
		{30E3010F-AB7A-43BD-A6FD-5305358B2F26}.Debug|x64.ActiveCfg = Debug|Any CPU
		{30E3010F-AB7A-43BD-A6FD-5305358B2F26}.Debug|x64.Build.0 = Debug|Any CPU
		{30E3010F-AB7A-43BD-A6FD-5305358B2F26}.Debug|x86.ActiveCfg = Debug|Any CPU
		{30E3010F-AB7A-43BD-A6FD-5305358B2F26}.Debug|x86.Build.0 = Debug|Any CPU
		{30E3010F-AB7A-43BD-A6FD-5305358B2F26}.Release|Any CPU.ActiveCfg = Release|Any CPU
		{30E3010F-AB7A-43BD-A6FD-5305358B2F26}.Release|Any CPU.Build.0 = Release|Any CPU
		{30E3010F-AB7A-43BD-A6FD-5305358B2F26}.Release|x64.ActiveCfg = Release|Any CPU
		{30E3010F-AB7A-43BD-A6FD-5305358B2F26}.Release|x64.Build.0 = Release|Any CPU
		{30E3010F-AB7A-43BD-A6FD-5305358B2F26}.Release|x86.ActiveCfg = Release|Any CPU
		{30E3010F-AB7A-43BD-A6FD-5305358B2F26}.Release|x86.Build.0 = Release|Any CPU
		{5F2E8217-154B-43E8-9249-C0D799E81360}.Debug|Any CPU.ActiveCfg = Debug|Any CPU
		{5F2E8217-154B-43E8-9249-C0D799E81360}.Debug|Any CPU.Build.0 = Debug|Any CPU
		{5F2E8217-154B-43E8-9249-C0D799E81360}.Debug|x64.ActiveCfg = Debug|Any CPU
		{5F2E8217-154B-43E8-9249-C0D799E81360}.Debug|x64.Build.0 = Debug|Any CPU
		{5F2E8217-154B-43E8-9249-C0D799E81360}.Debug|x86.ActiveCfg = Debug|Any CPU
		{5F2E8217-154B-43E8-9249-C0D799E81360}.Debug|x86.Build.0 = Debug|Any CPU
		{5F2E8217-154B-43E8-9249-C0D799E81360}.Release|Any CPU.ActiveCfg = Release|Any CPU
		{5F2E8217-154B-43E8-9249-C0D799E81360}.Release|Any CPU.Build.0 = Release|Any CPU
		{5F2E8217-154B-43E8-9249-C0D799E81360}.Release|x64.ActiveCfg = Release|Any CPU
		{5F2E8217-154B-43E8-9249-C0D799E81360}.Release|x64.Build.0 = Release|Any CPU
		{5F2E8217-154B-43E8-9249-C0D799E81360}.Release|x86.ActiveCfg = Release|Any CPU
		{5F2E8217-154B-43E8-9249-C0D799E81360}.Release|x86.Build.0 = Release|Any CPU
		{AE590C0C-EEA3-481A-8565-BE251F952F55}.Debug|Any CPU.ActiveCfg = Debug|Any CPU
		{AE590C0C-EEA3-481A-8565-BE251F952F55}.Debug|Any CPU.Build.0 = Debug|Any CPU
		{AE590C0C-EEA3-481A-8565-BE251F952F55}.Debug|x64.ActiveCfg = Debug|Any CPU
		{AE590C0C-EEA3-481A-8565-BE251F952F55}.Debug|x64.Build.0 = Debug|Any CPU
		{AE590C0C-EEA3-481A-8565-BE251F952F55}.Debug|x86.ActiveCfg = Debug|Any CPU
		{AE590C0C-EEA3-481A-8565-BE251F952F55}.Debug|x86.Build.0 = Debug|Any CPU
		{AE590C0C-EEA3-481A-8565-BE251F952F55}.Release|Any CPU.ActiveCfg = Release|Any CPU
		{AE590C0C-EEA3-481A-8565-BE251F952F55}.Release|Any CPU.Build.0 = Release|Any CPU
		{AE590C0C-EEA3-481A-8565-BE251F952F55}.Release|x64.ActiveCfg = Release|Any CPU
		{AE590C0C-EEA3-481A-8565-BE251F952F55}.Release|x64.Build.0 = Release|Any CPU
		{AE590C0C-EEA3-481A-8565-BE251F952F55}.Release|x86.ActiveCfg = Release|Any CPU
		{AE590C0C-EEA3-481A-8565-BE251F952F55}.Release|x86.Build.0 = Release|Any CPU
		{103A4BBB-10DB-4D19-A3D8-3D57410C7566}.Debug|Any CPU.ActiveCfg = Debug|Any CPU
		{103A4BBB-10DB-4D19-A3D8-3D57410C7566}.Debug|Any CPU.Build.0 = Debug|Any CPU
		{103A4BBB-10DB-4D19-A3D8-3D57410C7566}.Debug|x64.ActiveCfg = Debug|Any CPU
		{103A4BBB-10DB-4D19-A3D8-3D57410C7566}.Debug|x64.Build.0 = Debug|Any CPU
		{103A4BBB-10DB-4D19-A3D8-3D57410C7566}.Debug|x86.ActiveCfg = Debug|Any CPU
		{103A4BBB-10DB-4D19-A3D8-3D57410C7566}.Debug|x86.Build.0 = Debug|Any CPU
		{103A4BBB-10DB-4D19-A3D8-3D57410C7566}.Release|Any CPU.ActiveCfg = Release|Any CPU
		{103A4BBB-10DB-4D19-A3D8-3D57410C7566}.Release|Any CPU.Build.0 = Release|Any CPU
		{103A4BBB-10DB-4D19-A3D8-3D57410C7566}.Release|x64.ActiveCfg = Release|Any CPU
		{103A4BBB-10DB-4D19-A3D8-3D57410C7566}.Release|x64.Build.0 = Release|Any CPU
		{103A4BBB-10DB-4D19-A3D8-3D57410C7566}.Release|x86.ActiveCfg = Release|Any CPU
		{103A4BBB-10DB-4D19-A3D8-3D57410C7566}.Release|x86.Build.0 = Release|Any CPU
		{D57E2D58-2F78-4907-B472-B1731396FF9F}.Debug|Any CPU.ActiveCfg = Debug|Any CPU
		{D57E2D58-2F78-4907-B472-B1731396FF9F}.Debug|Any CPU.Build.0 = Debug|Any CPU
		{D57E2D58-2F78-4907-B472-B1731396FF9F}.Debug|x64.ActiveCfg = Debug|Any CPU
		{D57E2D58-2F78-4907-B472-B1731396FF9F}.Debug|x64.Build.0 = Debug|Any CPU
		{D57E2D58-2F78-4907-B472-B1731396FF9F}.Debug|x86.ActiveCfg = Debug|Any CPU
		{D57E2D58-2F78-4907-B472-B1731396FF9F}.Debug|x86.Build.0 = Debug|Any CPU
		{D57E2D58-2F78-4907-B472-B1731396FF9F}.Release|Any CPU.ActiveCfg = Release|Any CPU
		{D57E2D58-2F78-4907-B472-B1731396FF9F}.Release|Any CPU.Build.0 = Release|Any CPU
		{D57E2D58-2F78-4907-B472-B1731396FF9F}.Release|x64.ActiveCfg = Release|Any CPU
		{D57E2D58-2F78-4907-B472-B1731396FF9F}.Release|x64.Build.0 = Release|Any CPU
		{D57E2D58-2F78-4907-B472-B1731396FF9F}.Release|x86.ActiveCfg = Release|Any CPU
		{D57E2D58-2F78-4907-B472-B1731396FF9F}.Release|x86.Build.0 = Release|Any CPU
		{05F51A86-68B1-485D-A534-5C0F51EE98DD}.Debug|Any CPU.ActiveCfg = Debug|Any CPU
		{05F51A86-68B1-485D-A534-5C0F51EE98DD}.Debug|Any CPU.Build.0 = Debug|Any CPU
		{05F51A86-68B1-485D-A534-5C0F51EE98DD}.Debug|x64.ActiveCfg = Debug|Any CPU
		{05F51A86-68B1-485D-A534-5C0F51EE98DD}.Debug|x64.Build.0 = Debug|Any CPU
		{05F51A86-68B1-485D-A534-5C0F51EE98DD}.Debug|x86.ActiveCfg = Debug|Any CPU
		{05F51A86-68B1-485D-A534-5C0F51EE98DD}.Debug|x86.Build.0 = Debug|Any CPU
		{05F51A86-68B1-485D-A534-5C0F51EE98DD}.Release|Any CPU.ActiveCfg = Release|Any CPU
		{05F51A86-68B1-485D-A534-5C0F51EE98DD}.Release|Any CPU.Build.0 = Release|Any CPU
		{05F51A86-68B1-485D-A534-5C0F51EE98DD}.Release|x64.ActiveCfg = Release|Any CPU
		{05F51A86-68B1-485D-A534-5C0F51EE98DD}.Release|x64.Build.0 = Release|Any CPU
		{05F51A86-68B1-485D-A534-5C0F51EE98DD}.Release|x86.ActiveCfg = Release|Any CPU
		{05F51A86-68B1-485D-A534-5C0F51EE98DD}.Release|x86.Build.0 = Release|Any CPU
	EndGlobalSection
	GlobalSection(SolutionProperties) = preSolution
		HideSolutionNode = FALSE
	EndGlobalSection
	GlobalSection(NestedProjects) = preSolution
		{FCA01246-F2C6-0AA7-D43F-FD13BE0B9D88} = {827E0CD3-B72D-47B6-A68D-7590B98EB39B}
		{A86C7831-ED72-4DFC-8F36-090F965DC8CE} = {FCA01246-F2C6-0AA7-D43F-FD13BE0B9D88}
		{F8B90FFE-BB37-8A69-F901-2B9289615797} = {827E0CD3-B72D-47B6-A68D-7590B98EB39B}
		{BB62D1F2-654C-4C96-A9BA-1B85F39A02BE} = {F8B90FFE-BB37-8A69-F901-2B9289615797}
		{3617447B-49FD-7774-452C-A55AD9DFE5C2} = {827E0CD3-B72D-47B6-A68D-7590B98EB39B}
		{21EE2DFC-3E80-4963-A97B-77F5CBC45E2B} = {3617447B-49FD-7774-452C-A55AD9DFE5C2}
		{D5064FC8-1F49-54B6-E1C8-B23A6140528A} = {827E0CD3-B72D-47B6-A68D-7590B98EB39B}
		{6FC8C44E-0DDD-43AD-AEE5-12B02D32EDA1} = {D5064FC8-1F49-54B6-E1C8-B23A6140528A}
		{A0C94347-73E4-1EE9-412B-13A38E3B0A6F} = {827E0CD3-B72D-47B6-A68D-7590B98EB39B}
		{331ED689-C78B-4DC9-B387-2E57E2A07380} = {A0C94347-73E4-1EE9-412B-13A38E3B0A6F}
		{85E3A286-880E-ADB0-5CF2-3F1BDB3A4229} = {4F52FD11-658E-A102-6CD3-7D7C16FFA15B}
		{18C02A27-1D4A-4DA7-BD3B-87CF47924A84} = {85E3A286-880E-ADB0-5CF2-3F1BDB3A4229}
		{05B7C4B4-C077-CFB9-F5D5-A3F4CD33019C} = {4F52FD11-658E-A102-6CD3-7D7C16FFA15B}
		{29CAAFE8-9E65-496A-8DA8-55059063DD18} = {05B7C4B4-C077-CFB9-F5D5-A3F4CD33019C}
		{8B68B1CB-A3C3-4B90-9E17-44E57D0D98D2} = {4F52FD11-658E-A102-6CD3-7D7C16FFA15B}
		{8F8688B8-4D8E-4A6B-9B3A-9C51B042B5E1} = {8B68B1CB-A3C3-4B90-9E17-44E57D0D98D2}
		{D63F23E6-F7C4-484E-8683-A2ED227F515F} = {F8B90FFE-BB37-8A69-F901-2B9289615797}
		{A12393B7-F12D-4F65-915B-32A77F806FBD} = {F8B90FFE-BB37-8A69-F901-2B9289615797}
		{95989C3D-35B9-4D03-8845-57151B5B1561} = {F8B90FFE-BB37-8A69-F901-2B9289615797}
		{D6463114-F354-461D-82ED-D22A21074FCF} = {3617447B-49FD-7774-452C-A55AD9DFE5C2}
		{4F64E641-45D7-4047-85EB-E0E0D09EDED1} = {3617447B-49FD-7774-452C-A55AD9DFE5C2}
		{9E442883-D07E-46AB-B8F4-9DC7EC45D684} = {3617447B-49FD-7774-452C-A55AD9DFE5C2}
		{30E3010F-AB7A-43BD-A6FD-5305358B2F26} = {D5064FC8-1F49-54B6-E1C8-B23A6140528A}
		{5F2E8217-154B-43E8-9249-C0D799E81360} = {D5064FC8-1F49-54B6-E1C8-B23A6140528A}
		{AE590C0C-EEA3-481A-8565-BE251F952F55} = {D5064FC8-1F49-54B6-E1C8-B23A6140528A}
		{103A4BBB-10DB-4D19-A3D8-3D57410C7566} = {A0C94347-73E4-1EE9-412B-13A38E3B0A6F}
		{D57E2D58-2F78-4907-B472-B1731396FF9F} = {A0C94347-73E4-1EE9-412B-13A38E3B0A6F}
		{05F51A86-68B1-485D-A534-5C0F51EE98DD} = {A0C94347-73E4-1EE9-412B-13A38E3B0A6F}
	EndGlobalSection
EndGlobal
